github.com/Z-M-Huang/provablyfair v0.0.0-20200510141026-8aab5e61db6c h1:rKMaz0yY1SsxGbP+XlD/fr9GqZV9i+FXO7ZBKw/115A=
github.com/Z-M-Huang/provablyfair v0.0.0-20200510141026-8aab5e61db6c/go.mod h1:MFdmFHYj+AZwxInWgXtzHDN+zZNzGG7gk3GwEp3J46E=
github.com/Z-M-Huang/provablyfair v0.0.0-20200510141647-d0551f1b3e1c h1:pw1JSxz7puU/725NTUMsGV6CRzGZZ1Zd5IceDWlU6mU=
github.com/Z-M-Huang/provablyfair v0.0.0-20200510141647-d0551f1b3e1c/go.mod h1:MFdmFHYj+AZwxInWgXtzHDN+zZNzGG7gk3GwEp3J46E=
github.com/Z-M-Huang/provablyfair v0.0.0-20200510172708-6930c7b3d63d h1:z/DERAQtLu4PfT2R6glv3tTVA+kFbspkzQg8fAZO1AE=
github.com/Z-M-Huang/provablyfair v0.0.0-20200510172708-6930c7b3d63d/go.mod h1:MFdmFHYj+AZwxInWgXtzHDN+zZNzGG7gk3GwEp3J46E=
